
Microsoft Visual Studio Solution File, Format Version 12.00
# Visual Studio 2012
Project("{2150E333-8FDC-42A3-9474-1A3956D46DE8}") = "Clinet", "Clinet", "{46B90EE1-07A7-43FE-BD65-FC8CA7C649CC}"
EndProject
Project("{2150E333-8FDC-42A3-9474-1A3956D46DE8}") = "Service", "Service", "{DD3B991F-4AC4-4B51-9F5C-0E3669EA36DE}"
EndProject
Project("{2150E333-8FDC-42A3-9474-1A3956D46DE8}") = "Utilities", "Utilities", "{A62D3CA2-181F-48D3-B35A-6D5310647FCB}"
EndProject
Project("{2150E333-8FDC-42A3-9474-1A3956D46DE8}") = "Common", "Common", "{4A040FAB-5DE5-4553-B121-80941A9A11C2}"
EndProject
Project("{2150E333-8FDC-42A3-9474-1A3956D46DE8}") = "Contract", "Contract", "{5CFF9E26-5838-44B1-9FDD-CC5734CC0080}"
EndProject
Project("{FAE04EC0-301F-11D3-BF4B-00C04F79EFBC}") = "FantasyNode.Extends", "FantasyNode.Extends\FantasyNode.Extends.csproj", "{E0DD965C-998A-4626-8A67-8A4C1D60F9FA}"
EndProject
Project("{FAE04EC0-301F-11D3-BF4B-00C04F79EFBC}") = "FantasyNode.Entities", "FantasyNode.Entities\FantasyNode.Entities.csproj", "{F1CC9347-82C4-4555-A52C-CAA602CD9726}"
EndProject
Project("{2150E333-8FDC-42A3-9474-1A3956D46DE8}") = "Test", "Test", "{C58AC3A0-497B-42C8-9902-58CA17D4CA61}"
EndProject
Project("{FAE04EC0-301F-11D3-BF4B-00C04F79EFBC}") = "FantasyNode.Client", "FantasyNode.Client\FantasyNode.Client.csproj", "{93CBE213-169F-47D5-B5B1-CF61226A2B91}"
EndProject
Project("{FAE04EC0-301F-11D3-BF4B-00C04F79EFBC}") = "FantansyNode.Common", "FantasyNode.Common\FantansyNode.Common.csproj", "{A7A615FB-4C09-4775-BE40-9189BC88D4A4}"
EndProject
Project("{FAE04EC0-301F-11D3-BF4B-00C04F79EFBC}") = "Lim.CommonLibrary", "Lim.CommonLibrary\Lim.CommonLibrary.csproj", "{D449EC5A-D22F-4679-8972-691175B9B611}"
EndProject
Project("{FAE04EC0-301F-11D3-BF4B-00C04F79EFBC}") = "FantasyNode.Interfaces", "FantasyNode.Interfaces\FantasyNode.Interfaces.csproj", "{D8354495-142A-457A-86AC-D62D23C738F2}"
EndProject
Project("{FAE04EC0-301F-11D3-BF4B-00C04F79EFBC}") = "FantasyNode.Service", "FantasyNode.BackService\FantasyNode.Service.csproj", "{809F3218-6752-49A2-BC09-43E692A41BA9}"
EndProject
Project("{FAE04EC0-301F-11D3-BF4B-00C04F79EFBC}") = "TestConnection", "FantasyNode.Test\TestConnection.csproj", "{265095DB-1A67-4496-AA50-41338319D84C}"
EndProject
Project("{FAE04EC0-301F-11D3-BF4B-00C04F79EFBC}") = "log4net", "FantasyNode.Utilities\log4net-1.2.11\src\log4net.csproj", "{181FE707-E161-4722-9F38-6AAAB6FAA106}"
EndProject
Project("{FAE04EC0-301F-11D3-BF4B-00C04F79EFBC}") = "Microsoft.Practices.ServiceLocation", "FantasyNode.Utilities\Microsoft.Practices.ServiceLocation\Microsoft.Practices.ServiceLocation.csproj", "{FAF6D6B2-1EC9-4A1B-83BB-48F772E948CF}"
EndProject
Global
	GlobalSection(SolutionConfigurationPlatforms) = preSolution
		Debug|Any CPU = Debug|Any CPU
		Release|Any CPU = Release|Any CPU
	EndGlobalSection
	GlobalSection(ProjectConfigurationPlatforms) = postSolution
		{E0DD965C-998A-4626-8A67-8A4C1D60F9FA}.Debug|Any CPU.ActiveCfg = Debug|Any CPU
		{E0DD965C-998A-4626-8A67-8A4C1D60F9FA}.Debug|Any CPU.Build.0 = Debug|Any CPU
		{E0DD965C-998A-4626-8A67-8A4C1D60F9FA}.Release|Any CPU.ActiveCfg = Release|Any CPU
		{E0DD965C-998A-4626-8A67-8A4C1D60F9FA}.Release|Any CPU.Build.0 = Release|Any CPU
		{F1CC9347-82C4-4555-A52C-CAA602CD9726}.Debug|Any CPU.ActiveCfg = Debug|Any CPU
		{F1CC9347-82C4-4555-A52C-CAA602CD9726}.Debug|Any CPU.Build.0 = Debug|Any CPU
		{F1CC9347-82C4-4555-A52C-CAA602CD9726}.Release|Any CPU.ActiveCfg = Release|Any CPU
		{F1CC9347-82C4-4555-A52C-CAA602CD9726}.Release|Any CPU.Build.0 = Release|Any CPU
		{93CBE213-169F-47D5-B5B1-CF61226A2B91}.Debug|Any CPU.ActiveCfg = Debug|Any CPU
		{93CBE213-169F-47D5-B5B1-CF61226A2B91}.Debug|Any CPU.Build.0 = Debug|Any CPU
		{93CBE213-169F-47D5-B5B1-CF61226A2B91}.Release|Any CPU.ActiveCfg = Release|Any CPU
		{93CBE213-169F-47D5-B5B1-CF61226A2B91}.Release|Any CPU.Build.0 = Release|Any CPU
		{A7A615FB-4C09-4775-BE40-9189BC88D4A4}.Debug|Any CPU.ActiveCfg = Debug|Any CPU
		{A7A615FB-4C09-4775-BE40-9189BC88D4A4}.Debug|Any CPU.Build.0 = Debug|Any CPU
		{A7A615FB-4C09-4775-BE40-9189BC88D4A4}.Release|Any CPU.ActiveCfg = Release|Any CPU
		{A7A615FB-4C09-4775-BE40-9189BC88D4A4}.Release|Any CPU.Build.0 = Release|Any CPU
		{D449EC5A-D22F-4679-8972-691175B9B611}.Debug|Any CPU.ActiveCfg = Debug|Any CPU
		{D449EC5A-D22F-4679-8972-691175B9B611}.Debug|Any CPU.Build.0 = Debug|Any CPU
		{D449EC5A-D22F-4679-8972-691175B9B611}.Release|Any CPU.ActiveCfg = Release|Any CPU
		{D449EC5A-D22F-4679-8972-691175B9B611}.Release|Any CPU.Build.0 = Release|Any CPU
		{D8354495-142A-457A-86AC-D62D23C738F2}.Debug|Any CPU.ActiveCfg = Debug|Any CPU
		{D8354495-142A-457A-86AC-D62D23C738F2}.Debug|Any CPU.Build.0 = Debug|Any CPU
		{D8354495-142A-457A-86AC-D62D23C738F2}.Release|Any CPU.ActiveCfg = Release|Any CPU
		{D8354495-142A-457A-86AC-D62D23C738F2}.Release|Any CPU.Build.0 = Release|Any CPU
		{809F3218-6752-49A2-BC09-43E692A41BA9}.Debug|Any CPU.ActiveCfg = Debug|Any CPU
		{809F3218-6752-49A2-BC09-43E692A41BA9}.Debug|Any CPU.Build.0 = Debug|Any CPU
		{809F3218-6752-49A2-BC09-43E692A41BA9}.Release|Any CPU.ActiveCfg = Release|Any CPU
		{809F3218-6752-49A2-BC09-43E692A41BA9}.Release|Any CPU.Build.0 = Release|Any CPU
		{265095DB-1A67-4496-AA50-41338319D84C}.Debug|Any CPU.ActiveCfg = Debug|Any CPU
		{265095DB-1A67-4496-AA50-41338319D84C}.Debug|Any CPU.Build.0 = Debug|Any CPU
		{265095DB-1A67-4496-AA50-41338319D84C}.Release|Any CPU.ActiveCfg = Release|Any CPU
		{265095DB-1A67-4496-AA50-41338319D84C}.Release|Any CPU.Build.0 = Release|Any CPU
		{181FE707-E161-4722-9F38-6AAAB6FAA106}.Debug|Any CPU.ActiveCfg = Debug|Any CPU
		{181FE707-E161-4722-9F38-6AAAB6FAA106}.Debug|Any CPU.Build.0 = Debug|Any CPU
		{181FE707-E161-4722-9F38-6AAAB6FAA106}.Release|Any CPU.ActiveCfg = Release|Any CPU
		{181FE707-E161-4722-9F38-6AAAB6FAA106}.Release|Any CPU.Build.0 = Release|Any CPU
		{FAF6D6B2-1EC9-4A1B-83BB-48F772E948CF}.Debug|Any CPU.ActiveCfg = Debug|Any CPU
		{FAF6D6B2-1EC9-4A1B-83BB-48F772E948CF}.Debug|Any CPU.Build.0 = Debug|Any CPU
		{FAF6D6B2-1EC9-4A1B-83BB-48F772E948CF}.Release|Any CPU.ActiveCfg = Release|Any CPU
		{FAF6D6B2-1EC9-4A1B-83BB-48F772E948CF}.Release|Any CPU.Build.0 = Release|Any CPU
	EndGlobalSection
	GlobalSection(SolutionProperties) = preSolution
		HideSolutionNode = FALSE
	EndGlobalSection
	GlobalSection(NestedProjects) = preSolution
		{93CBE213-169F-47D5-B5B1-CF61226A2B91} = {46B90EE1-07A7-43FE-BD65-FC8CA7C649CC}
		{809F3218-6752-49A2-BC09-43E692A41BA9} = {DD3B991F-4AC4-4B51-9F5C-0E3669EA36DE}
		{181FE707-E161-4722-9F38-6AAAB6FAA106} = {A62D3CA2-181F-48D3-B35A-6D5310647FCB}
		{FAF6D6B2-1EC9-4A1B-83BB-48F772E948CF} = {A62D3CA2-181F-48D3-B35A-6D5310647FCB}
		{E0DD965C-998A-4626-8A67-8A4C1D60F9FA} = {4A040FAB-5DE5-4553-B121-80941A9A11C2}
		{F1CC9347-82C4-4555-A52C-CAA602CD9726} = {4A040FAB-5DE5-4553-B121-80941A9A11C2}
		{A7A615FB-4C09-4775-BE40-9189BC88D4A4} = {4A040FAB-5DE5-4553-B121-80941A9A11C2}
		{D449EC5A-D22F-4679-8972-691175B9B611} = {4A040FAB-5DE5-4553-B121-80941A9A11C2}
		{D8354495-142A-457A-86AC-D62D23C738F2} = {5CFF9E26-5838-44B1-9FDD-CC5734CC0080}
		{265095DB-1A67-4496-AA50-41338319D84C} = {C58AC3A0-497B-42C8-9902-58CA17D4CA61}
	EndGlobalSection
EndGlobal
